
Microsoft Visual Studio Solution File, Format Version 12.00
# Visual Studio Version 17
VisualStudioVersion = 17.11.35222.181
MinimumVisualStudioVersion = 10.0.40219.1
Project("{2150E333-8FDC-42A3-9474-1A3956D46DE8}") = "Task0", "Task0", "{DF8FF949-C22D-43DA-AC84-DE4FC3B1DDB1}"
EndProject
Project("{9A19103F-16F7-4668-BE54-9A1E7A4F7556}") = "Tyuiu.MiliukovLO.Sprint5.Task0.V27", "Tyuiu.MiliukovLO.Sprint5.Task0.V27\Tyuiu.MiliukovLO.Sprint5.Task0.V27.csproj", "{A2C7C31E-479D-47E5-BF07-9CF41DE76CB3}"
EndProject
Project("{9A19103F-16F7-4668-BE54-9A1E7A4F7556}") = "Tyuiu.MiliukovLO.Sprint5.Task0.V27.Test", "Tyuiu.MiliukovLO.Sprint5.Task0.V27.Test\Tyuiu.MiliukovLO.Sprint5.Task0.V27.Test.csproj", "{F98FF6FA-D258-4882-831C-565735443DB0}"
EndProject
Project("{9A19103F-16F7-4668-BE54-9A1E7A4F7556}") = "Tyuiu.MiliukovLO.Sprint5.Task0.V27.Lib", "Tyuiu.MiliukovLO.Sprint5.Task0.V27.Lib\Tyuiu.MiliukovLO.Sprint5.Task0.V27.Lib.csproj", "{3544612D-6C53-47AE-8166-9D5E2CA9163F}"
EndProject
Project("{2150E333-8FDC-42A3-9474-1A3956D46DE8}") = "Task1", "Task1", "{39B676D6-982F-4175-83D9-8AA7008F55EF}"
EndProject
Project("{9A19103F-16F7-4668-BE54-9A1E7A4F7556}") = "Tyuiu.MiliukovLO.Sprint5.Task1.V27", "Tyuiu.MiliukovLO.Sprint5.Task1.V27\Tyuiu.MiliukovLO.Sprint5.Task1.V27.csproj", "{130CFCF6-E9E2-4523-B9E4-CF3221C6DAC7}"
EndProject
Project("{9A19103F-16F7-4668-BE54-9A1E7A4F7556}") = "Tyuiu.MiliukovLO.Sprint5.Task1.V27.Test", "Tyuiu.MiliukovLO.Sprint5.Task1.V27.Test\Tyuiu.MiliukovLO.Sprint5.Task1.V27.Test.csproj", "{EFFAE481-2777-4F29-B6DF-79295C37E6E2}"
EndProject
Project("{9A19103F-16F7-4668-BE54-9A1E7A4F7556}") = "Tyuiu.MiliukovLO.Sprint5.Task1.V27.Lib", "Tyuiu.MiliukovLO.Sprint5.Task1.V27.Lib\Tyuiu.MiliukovLO.Sprint5.Task1.V27.Lib.csproj", "{5EE694AD-D436-46E6-A80E-897F10E872A5}"
EndProject
Project("{2150E333-8FDC-42A3-9474-1A3956D46DE8}") = "Task2", "Task2", "{2673B652-0518-40E8-8430-A0E364545DBD}"
EndProject
Project("{9A19103F-16F7-4668-BE54-9A1E7A4F7556}") = "Tyuiu.MiliukovLO.Sprint5.Task2.V27", "Tyuiu.MiliukovLO.Sprint5.Task2.V27\Tyuiu.MiliukovLO.Sprint5.Task2.V27.csproj", "{9D4A0C56-D451-4BB3-98B5-52507A7F992E}"
EndProject
Project("{9A19103F-16F7-4668-BE54-9A1E7A4F7556}") = "Tyuiu.MiliukovLO.Sprint5.Task2.V27.Test", "Tyuiu.MiliukovLO.Sprint5.Task2.V27.Test\Tyuiu.MiliukovLO.Sprint5.Task2.V27.Test.csproj", "{42E84FAB-ACE6-4439-846F-DDDA818D364E}"
EndProject
Project("{9A19103F-16F7-4668-BE54-9A1E7A4F7556}") = "Tyuiu.MiliukovLO.Sprint5.Task2.V27.Lib", "Tyuiu.MiliukovLO.Sprint5.Task2.V27.Lib\Tyuiu.MiliukovLO.Sprint5.Task2.V27.Lib.csproj", "{5761F0EA-A8F2-41B0-8EE1-66A862890437}"
EndProject
Project("{2150E333-8FDC-42A3-9474-1A3956D46DE8}") = "Task3", "Task3", "{97463DBF-7E2A-447F-BE9F-04235E444D87}"
EndProject
Project("{9A19103F-16F7-4668-BE54-9A1E7A4F7556}") = "Tyuiu.MiliukovLO.Sprint5.Task3.V21", "Tyuiu.MiliukovLO.Sprint5.Task3.V21\Tyuiu.MiliukovLO.Sprint5.Task3.V21.csproj", "{A98BF17C-4EE1-4E19-82AA-E2B52AA2F4C1}"
EndProject
Project("{9A19103F-16F7-4668-BE54-9A1E7A4F7556}") = "Tyuiu.MiliukovLO.Sprint5.Task3.V21.Test", "Tyuiu.MiliukovLO.Sprint5.Task3.V21.Test\Tyuiu.MiliukovLO.Sprint5.Task3.V21.Test.csproj", "{33074266-0696-40DC-8313-7C8E2A718ACC}"
EndProject
Project("{9A19103F-16F7-4668-BE54-9A1E7A4F7556}") = "Tyuiu.MiliukovLO.Sprint5.Task3.V21.Lib", "Tyuiu.MiliukovLO.Sprint5.Task3.V21.Lib\Tyuiu.MiliukovLO.Sprint5.Task3.V21.Lib.csproj", "{F502B565-68F0-4B95-B199-E92CC4473668}"
EndProject
Project("{2150E333-8FDC-42A3-9474-1A3956D46DE8}") = "Task4", "Task4", "{3BD237A6-2E39-4792-8D6B-511611401BC6}"
EndProject
Project("{9A19103F-16F7-4668-BE54-9A1E7A4F7556}") = "Tyuiu.MiliukovLO.Sprint5.Task4.V28", "Tyuiu.MiliukovLO.Sprint5.Task4.V28\Tyuiu.MiliukovLO.Sprint5.Task4.V28.csproj", "{F354CF7D-064A-479A-B1D1-421FE93C6A89}"
EndProject
Project("{9A19103F-16F7-4668-BE54-9A1E7A4F7556}") = "Tyuiu.MiliukovLO.Sprint5.Task4.V28.Test", "Tyuiu.MiliukovLO.Sprint5.Task4.V28.Test\Tyuiu.MiliukovLO.Sprint5.Task4.V28.Test.csproj", "{160B4C55-47B6-491E-BE51-8FCA5DB2A244}"
EndProject
Project("{9A19103F-16F7-4668-BE54-9A1E7A4F7556}") = "Tyuiu.MiliukovLO.Sprint5.Task4.V28.Lib", "Tyuiu.MiliukovLO.Sprint5.Task4.V28.Lib\Tyuiu.MiliukovLO.Sprint5.Task4.V28.Lib.csproj", "{5F6162E9-88EA-4658-9015-9A4E6648A413}"
EndProject
Project("{2150E333-8FDC-42A3-9474-1A3956D46DE8}") = "DataSprint5", "DataSprint5", "{E899F65D-51ED-4DBF-9C65-E2EB1291BC1E}"
	ProjectSection(SolutionItems) = preProject
		InPutDataFileTask4V28.txt = InPutDataFileTask4V28.txt
		InPutDataFileTask5V20.txt = InPutDataFileTask5V20.txt
		InPutDataFileTask6V30.txt = InPutDataFileTask6V30.txt
	EndProjectSection
EndProject
Project("{2150E333-8FDC-42A3-9474-1A3956D46DE8}") = "Task5", "Task5", "{FACFFB54-D1A4-4D5F-B913-12D739BBC871}"
EndProject
Project("{FAE04EC0-301F-11D3-BF4B-00C04F79EFBC}") = "Tyuiu.MiliukovLO.Sprint5.Task5.V20", "Tyuiu.MiliukovLO.Sprint5.Task5.V20\Tyuiu.MiliukovLO.Sprint5.Task5.V20.csproj", "{FC5A13E8-1EE9-422A-AEA8-F3222850C7EE}"
EndProject
Project("{FAE04EC0-301F-11D3-BF4B-00C04F79EFBC}") = "Tyuiu.MiliukovLO.Sprint5.Task5.V20.Test", "Tyuiu.MiliukovLO.Sprint5.Task5.V20.Test\Tyuiu.MiliukovLO.Sprint5.Task5.V20.Test.csproj", "{925DA361-D903-464E-9F69-4EF197DDB943}"
EndProject
Project("{FAE04EC0-301F-11D3-BF4B-00C04F79EFBC}") = "Tyuiu.MiliukovLO.Sprint5.Task5.V20.Lib", "Tyuiu.MiliukovLO.Sprint5.Task5.V20.Lib\Tyuiu.MiliukovLO.Sprint5.Task5.V20.Lib.csproj", "{F1CD0010-9C9D-4FDE-82FB-26FEF71B3FF1}"
EndProject
Project("{2150E333-8FDC-42A3-9474-1A3956D46DE8}") = "Task6", "Task6", "{8934B16D-CC21-4B67-8A23-433CC4E12A06}"
EndProject
Project("{FAE04EC0-301F-11D3-BF4B-00C04F79EFBC}") = "Tyuiu.MiliukovLO.Sprint5.Task6.V30", "Tyuiu.MiliukovLO.Sprint5.Task6.V30\Tyuiu.MiliukovLO.Sprint5.Task6.V30.csproj", "{DB99BB0B-57A4-4DDC-80CF-6A0F3D00B9C1}"
EndProject
Project("{FAE04EC0-301F-11D3-BF4B-00C04F79EFBC}") = "Tyuiu.MiliukovLO.Sprint5.Task6.V30.Test", "Tyuiu.MiliukovLO.Sprint5.Task6.V30.Test\Tyuiu.MiliukovLO.Sprint5.Task6.V30.Test.csproj", "{4335E97D-7AE4-4A90-A1CC-7382BC4F9E49}"
EndProject
Project("{FAE04EC0-301F-11D3-BF4B-00C04F79EFBC}") = "Tyuiu.MiliukovLO.Sprint5.Task6.V30.Lib", "Tyuiu.MiliukovLO.Sprint5.Task6.V30.Lib\Tyuiu.MiliukovLO.Sprint5.Task6.V30.Lib.csproj", "{2FD37AC3-BE60-477A-82A1-5B0066256FD9}"
EndProject
Global
	GlobalSection(SolutionConfigurationPlatforms) = preSolution
		Debug|Any CPU = Debug|Any CPU
		Release|Any CPU = Release|Any CPU
	EndGlobalSection
	GlobalSection(ProjectConfigurationPlatforms) = postSolution
		{A2C7C31E-479D-47E5-BF07-9CF41DE76CB3}.Debug|Any CPU.ActiveCfg = Debug|Any CPU
		{A2C7C31E-479D-47E5-BF07-9CF41DE76CB3}.Debug|Any CPU.Build.0 = Debug|Any CPU
		{A2C7C31E-479D-47E5-BF07-9CF41DE76CB3}.Release|Any CPU.ActiveCfg = Release|Any CPU
		{A2C7C31E-479D-47E5-BF07-9CF41DE76CB3}.Release|Any CPU.Build.0 = Release|Any CPU
		{F98FF6FA-D258-4882-831C-565735443DB0}.Debug|Any CPU.ActiveCfg = Debug|Any CPU
		{F98FF6FA-D258-4882-831C-565735443DB0}.Debug|Any CPU.Build.0 = Debug|Any CPU
		{F98FF6FA-D258-4882-831C-565735443DB0}.Release|Any CPU.ActiveCfg = Release|Any CPU
		{F98FF6FA-D258-4882-831C-565735443DB0}.Release|Any CPU.Build.0 = Release|Any CPU
		{3544612D-6C53-47AE-8166-9D5E2CA9163F}.Debug|Any CPU.ActiveCfg = Debug|Any CPU
		{3544612D-6C53-47AE-8166-9D5E2CA9163F}.Debug|Any CPU.Build.0 = Debug|Any CPU
		{3544612D-6C53-47AE-8166-9D5E2CA9163F}.Release|Any CPU.ActiveCfg = Release|Any CPU
		{3544612D-6C53-47AE-8166-9D5E2CA9163F}.Release|Any CPU.Build.0 = Release|Any CPU
		{130CFCF6-E9E2-4523-B9E4-CF3221C6DAC7}.Debug|Any CPU.ActiveCfg = Debug|Any CPU
		{130CFCF6-E9E2-4523-B9E4-CF3221C6DAC7}.Debug|Any CPU.Build.0 = Debug|Any CPU
		{130CFCF6-E9E2-4523-B9E4-CF3221C6DAC7}.Release|Any CPU.ActiveCfg = Release|Any CPU
		{130CFCF6-E9E2-4523-B9E4-CF3221C6DAC7}.Release|Any CPU.Build.0 = Release|Any CPU
		{EFFAE481-2777-4F29-B6DF-79295C37E6E2}.Debug|Any CPU.ActiveCfg = Debug|Any CPU
		{EFFAE481-2777-4F29-B6DF-79295C37E6E2}.Debug|Any CPU.Build.0 = Debug|Any CPU
		{EFFAE481-2777-4F29-B6DF-79295C37E6E2}.Release|Any CPU.ActiveCfg = Release|Any CPU
		{EFFAE481-2777-4F29-B6DF-79295C37E6E2}.Release|Any CPU.Build.0 = Release|Any CPU
		{5EE694AD-D436-46E6-A80E-897F10E872A5}.Debug|Any CPU.ActiveCfg = Debug|Any CPU
		{5EE694AD-D436-46E6-A80E-897F10E872A5}.Debug|Any CPU.Build.0 = Debug|Any CPU
		{5EE694AD-D436-46E6-A80E-897F10E872A5}.Release|Any CPU.ActiveCfg = Release|Any CPU
		{5EE694AD-D436-46E6-A80E-897F10E872A5}.Release|Any CPU.Build.0 = Release|Any CPU
		{9D4A0C56-D451-4BB3-98B5-52507A7F992E}.Debug|Any CPU.ActiveCfg = Debug|Any CPU
		{9D4A0C56-D451-4BB3-98B5-52507A7F992E}.Debug|Any CPU.Build.0 = Debug|Any CPU
		{9D4A0C56-D451-4BB3-98B5-52507A7F992E}.Release|Any CPU.ActiveCfg = Release|Any CPU
		{9D4A0C56-D451-4BB3-98B5-52507A7F992E}.Release|Any CPU.Build.0 = Release|Any CPU
		{42E84FAB-ACE6-4439-846F-DDDA818D364E}.Debug|Any CPU.ActiveCfg = Debug|Any CPU
		{42E84FAB-ACE6-4439-846F-DDDA818D364E}.Debug|Any CPU.Build.0 = Debug|Any CPU
		{42E84FAB-ACE6-4439-846F-DDDA818D364E}.Release|Any CPU.ActiveCfg = Release|Any CPU
		{42E84FAB-ACE6-4439-846F-DDDA818D364E}.Release|Any CPU.Build.0 = Release|Any CPU
		{5761F0EA-A8F2-41B0-8EE1-66A862890437}.Debug|Any CPU.ActiveCfg = Debug|Any CPU
		{5761F0EA-A8F2-41B0-8EE1-66A862890437}.Debug|Any CPU.Build.0 = Debug|Any CPU
		{5761F0EA-A8F2-41B0-8EE1-66A862890437}.Release|Any CPU.ActiveCfg = Release|Any CPU
		{5761F0EA-A8F2-41B0-8EE1-66A862890437}.Release|Any CPU.Build.0 = Release|Any CPU
		{A98BF17C-4EE1-4E19-82AA-E2B52AA2F4C1}.Debug|Any CPU.ActiveCfg = Debug|Any CPU
		{A98BF17C-4EE1-4E19-82AA-E2B52AA2F4C1}.Debug|Any CPU.Build.0 = Debug|Any CPU
		{A98BF17C-4EE1-4E19-82AA-E2B52AA2F4C1}.Release|Any CPU.ActiveCfg = Release|Any CPU
		{A98BF17C-4EE1-4E19-82AA-E2B52AA2F4C1}.Release|Any CPU.Build.0 = Release|Any CPU
		{33074266-0696-40DC-8313-7C8E2A718ACC}.Debug|Any CPU.ActiveCfg = Debug|Any CPU
		{33074266-0696-40DC-8313-7C8E2A718ACC}.Debug|Any CPU.Build.0 = Debug|Any CPU
		{33074266-0696-40DC-8313-7C8E2A718ACC}.Release|Any CPU.ActiveCfg = Release|Any CPU
		{33074266-0696-40DC-8313-7C8E2A718ACC}.Release|Any CPU.Build.0 = Release|Any CPU
		{F502B565-68F0-4B95-B199-E92CC4473668}.Debug|Any CPU.ActiveCfg = Debug|Any CPU
		{F502B565-68F0-4B95-B199-E92CC4473668}.Debug|Any CPU.Build.0 = Debug|Any CPU
		{F502B565-68F0-4B95-B199-E92CC4473668}.Release|Any CPU.ActiveCfg = Release|Any CPU
		{F502B565-68F0-4B95-B199-E92CC4473668}.Release|Any CPU.Build.0 = Release|Any CPU
		{F354CF7D-064A-479A-B1D1-421FE93C6A89}.Debug|Any CPU.ActiveCfg = Debug|Any CPU
		{F354CF7D-064A-479A-B1D1-421FE93C6A89}.Debug|Any CPU.Build.0 = Debug|Any CPU
		{F354CF7D-064A-479A-B1D1-421FE93C6A89}.Release|Any CPU.ActiveCfg = Release|Any CPU
		{F354CF7D-064A-479A-B1D1-421FE93C6A89}.Release|Any CPU.Build.0 = Release|Any CPU
		{160B4C55-47B6-491E-BE51-8FCA5DB2A244}.Debug|Any CPU.ActiveCfg = Debug|Any CPU
		{160B4C55-47B6-491E-BE51-8FCA5DB2A244}.Debug|Any CPU.Build.0 = Debug|Any CPU
		{160B4C55-47B6-491E-BE51-8FCA5DB2A244}.Release|Any CPU.ActiveCfg = Release|Any CPU
		{160B4C55-47B6-491E-BE51-8FCA5DB2A244}.Release|Any CPU.Build.0 = Release|Any CPU
		{5F6162E9-88EA-4658-9015-9A4E6648A413}.Debug|Any CPU.ActiveCfg = Debug|Any CPU
		{5F6162E9-88EA-4658-9015-9A4E6648A413}.Debug|Any CPU.Build.0 = Debug|Any CPU
		{5F6162E9-88EA-4658-9015-9A4E6648A413}.Release|Any CPU.ActiveCfg = Release|Any CPU
		{5F6162E9-88EA-4658-9015-9A4E6648A413}.Release|Any CPU.Build.0 = Release|Any CPU
		{FC5A13E8-1EE9-422A-AEA8-F3222850C7EE}.Debug|Any CPU.ActiveCfg = Debug|Any CPU
		{FC5A13E8-1EE9-422A-AEA8-F3222850C7EE}.Debug|Any CPU.Build.0 = Debug|Any CPU
		{FC5A13E8-1EE9-422A-AEA8-F3222850C7EE}.Release|Any CPU.ActiveCfg = Release|Any CPU
		{FC5A13E8-1EE9-422A-AEA8-F3222850C7EE}.Release|Any CPU.Build.0 = Release|Any CPU
		{925DA361-D903-464E-9F69-4EF197DDB943}.Debug|Any CPU.ActiveCfg = Debug|Any CPU
		{925DA361-D903-464E-9F69-4EF197DDB943}.Debug|Any CPU.Build.0 = Debug|Any CPU
		{925DA361-D903-464E-9F69-4EF197DDB943}.Release|Any CPU.ActiveCfg = Release|Any CPU
		{925DA361-D903-464E-9F69-4EF197DDB943}.Release|Any CPU.Build.0 = Release|Any CPU
		{F1CD0010-9C9D-4FDE-82FB-26FEF71B3FF1}.Debug|Any CPU.ActiveCfg = Debug|Any CPU
		{F1CD0010-9C9D-4FDE-82FB-26FEF71B3FF1}.Debug|Any CPU.Build.0 = Debug|Any CPU
		{F1CD0010-9C9D-4FDE-82FB-26FEF71B3FF1}.Release|Any CPU.ActiveCfg = Release|Any CPU
		{F1CD0010-9C9D-4FDE-82FB-26FEF71B3FF1}.Release|Any CPU.Build.0 = Release|Any CPU
		{DB99BB0B-57A4-4DDC-80CF-6A0F3D00B9C1}.Debug|Any CPU.ActiveCfg = Debug|Any CPU
		{DB99BB0B-57A4-4DDC-80CF-6A0F3D00B9C1}.Debug|Any CPU.Build.0 = Debug|Any CPU
		{DB99BB0B-57A4-4DDC-80CF-6A0F3D00B9C1}.Release|Any CPU.ActiveCfg = Release|Any CPU
		{DB99BB0B-57A4-4DDC-80CF-6A0F3D00B9C1}.Release|Any CPU.Build.0 = Release|Any CPU
		{4335E97D-7AE4-4A90-A1CC-7382BC4F9E49}.Debug|Any CPU.ActiveCfg = Debug|Any CPU
		{4335E97D-7AE4-4A90-A1CC-7382BC4F9E49}.Debug|Any CPU.Build.0 = Debug|Any CPU
		{4335E97D-7AE4-4A90-A1CC-7382BC4F9E49}.Release|Any CPU.ActiveCfg = Release|Any CPU
		{4335E97D-7AE4-4A90-A1CC-7382BC4F9E49}.Release|Any CPU.Build.0 = Release|Any CPU
		{2FD37AC3-BE60-477A-82A1-5B0066256FD9}.Debug|Any CPU.ActiveCfg = Debug|Any CPU
		{2FD37AC3-BE60-477A-82A1-5B0066256FD9}.Debug|Any CPU.Build.0 = Debug|Any CPU
		{2FD37AC3-BE60-477A-82A1-5B0066256FD9}.Release|Any CPU.ActiveCfg = Release|Any CPU
		{2FD37AC3-BE60-477A-82A1-5B0066256FD9}.Release|Any CPU.Build.0 = Release|Any CPU
	EndGlobalSection
	GlobalSection(SolutionProperties) = preSolution
		HideSolutionNode = FALSE
	EndGlobalSection
	GlobalSection(NestedProjects) = preSolution
		{A2C7C31E-479D-47E5-BF07-9CF41DE76CB3} = {DF8FF949-C22D-43DA-AC84-DE4FC3B1DDB1}
		{F98FF6FA-D258-4882-831C-565735443DB0} = {DF8FF949-C22D-43DA-AC84-DE4FC3B1DDB1}
		{3544612D-6C53-47AE-8166-9D5E2CA9163F} = {DF8FF949-C22D-43DA-AC84-DE4FC3B1DDB1}
		{130CFCF6-E9E2-4523-B9E4-CF3221C6DAC7} = {39B676D6-982F-4175-83D9-8AA7008F55EF}
		{EFFAE481-2777-4F29-B6DF-79295C37E6E2} = {39B676D6-982F-4175-83D9-8AA7008F55EF}
		{5EE694AD-D436-46E6-A80E-897F10E872A5} = {39B676D6-982F-4175-83D9-8AA7008F55EF}
		{9D4A0C56-D451-4BB3-98B5-52507A7F992E} = {2673B652-0518-40E8-8430-A0E364545DBD}
		{42E84FAB-ACE6-4439-846F-DDDA818D364E} = {2673B652-0518-40E8-8430-A0E364545DBD}
		{5761F0EA-A8F2-41B0-8EE1-66A862890437} = {2673B652-0518-40E8-8430-A0E364545DBD}
		{A98BF17C-4EE1-4E19-82AA-E2B52AA2F4C1} = {97463DBF-7E2A-447F-BE9F-04235E444D87}
		{33074266-0696-40DC-8313-7C8E2A718ACC} = {97463DBF-7E2A-447F-BE9F-04235E444D87}
		{F502B565-68F0-4B95-B199-E92CC4473668} = {97463DBF-7E2A-447F-BE9F-04235E444D87}
		{F354CF7D-064A-479A-B1D1-421FE93C6A89} = {3BD237A6-2E39-4792-8D6B-511611401BC6}
		{160B4C55-47B6-491E-BE51-8FCA5DB2A244} = {3BD237A6-2E39-4792-8D6B-511611401BC6}
		{5F6162E9-88EA-4658-9015-9A4E6648A413} = {3BD237A6-2E39-4792-8D6B-511611401BC6}
		{FC5A13E8-1EE9-422A-AEA8-F3222850C7EE} = {FACFFB54-D1A4-4D5F-B913-12D739BBC871}
		{925DA361-D903-464E-9F69-4EF197DDB943} = {FACFFB54-D1A4-4D5F-B913-12D739BBC871}
		{F1CD0010-9C9D-4FDE-82FB-26FEF71B3FF1} = {FACFFB54-D1A4-4D5F-B913-12D739BBC871}
		{DB99BB0B-57A4-4DDC-80CF-6A0F3D00B9C1} = {8934B16D-CC21-4B67-8A23-433CC4E12A06}
		{4335E97D-7AE4-4A90-A1CC-7382BC4F9E49} = {8934B16D-CC21-4B67-8A23-433CC4E12A06}
		{2FD37AC3-BE60-477A-82A1-5B0066256FD9} = {8934B16D-CC21-4B67-8A23-433CC4E12A06}
	EndGlobalSection
	GlobalSection(ExtensibilityGlobals) = postSolution
		SolutionGuid = {67338DCD-1D82-4BC7-94F8-7A0E9DB6D760}
	EndGlobalSection
EndGlobal
